
Microsoft Visual Studio Solution File, Format Version 12.00
# Visual Studio 15
Project("{FAE04EC0-301F-11D3-BF4B-00C04F79EFBC}") = "Assembly-CSharp", "Assembly-CSharp.csproj", "{D718B45F-2801-D076-EBBB-E1DE29129D8B}"
EndProject
Project("{FAE04EC0-301F-11D3-BF4B-00C04F79EFBC}") = "Assembly-CSharp-Editor", "Assembly-CSharp-Editor.csproj", "{F499162E-8ABC-1E82-D5B9-6C4EB17A4A82}"
EndProject
Global
	GlobalSection(SolutionConfigurationPlatforms) = preSolution
		Debug|Any CPU = Debug|Any CPU
		Release|Any CPU = Release|Any CPU
	EndGlobalSection
	GlobalSection(ProjectConfigurationPlatforms) = postSolution
		{D718B45F-2801-D076-EBBB-E1DE29129D8B}.Debug|Any CPU.ActiveCfg = Debug|Any CPU
		{D718B45F-2801-D076-EBBB-E1DE29129D8B}.Debug|Any CPU.Build.0 = Debug|Any CPU
		{D718B45F-2801-D076-EBBB-E1DE29129D8B}.Release|Any CPU.ActiveCfg = Release|Any CPU
		{D718B45F-2801-D076-EBBB-E1DE29129D8B}.Release|Any CPU.Build.0 = Release|Any CPU
		{F499162E-8ABC-1E82-D5B9-6C4EB17A4A82}.Debug|Any CPU.ActiveCfg = Debug|Any CPU
		{F499162E-8ABC-1E82-D5B9-6C4EB17A4A82}.Debug|Any CPU.Build.0 = Debug|Any CPU
		{F499162E-8ABC-1E82-D5B9-6C4EB17A4A82}.Release|Any CPU.ActiveCfg = Release|Any CPU
		{F499162E-8ABC-1E82-D5B9-6C4EB17A4A82}.Release|Any CPU.Build.0 = Release|Any CPU
	EndGlobalSection
	GlobalSection(SolutionProperties) = preSolution
		HideSolutionNode = FALSE
	EndGlobalSection
EndGlobal
